// !$*UTF8*$!
{
	archiveVersion = 1;
	classes = {
	};
	objectVersion = 46;
	objects = {

/* Begin PBXBuildFile section */
		F0258FD51DEEE2330019973D /* AppDelegate.swift in Sources */ = {isa = PBXBuildFile; fileRef = F0258FD41DEEE2330019973D /* AppDelegate.swift */; };
		F0258FD71DEEE2330019973D /* ViewController.swift in Sources */ = {isa = PBXBuildFile; fileRef = F0258FD61DEEE2330019973D /* ViewController.swift */; };
		F0258FD91DEEE2330019973D /* Assets.xcassets in Resources */ = {isa = PBXBuildFile; fileRef = F0258FD81DEEE2330019973D /* Assets.xcassets */; };
		F0258FDC1DEEE2330019973D /* Main.storyboard in Resources */ = {isa = PBXBuildFile; fileRef = F0258FDA1DEEE2330019973D /* Main.storyboard */; };
/* End PBXBuildFile section */

/* Begin PBXFileReference section */
		F0258FD11DEEE2330019973D /* EID Tool.app */ = {isa = PBXFileReference; explicitFileType = wrapper.application; includeInIndex = 0; path = "EID Tool.app"; sourceTree = BUILT_PRODUCTS_DIR; };
		F0258FD41DEEE2330019973D /* AppDelegate.swift */ = {isa = PBXFileReference; lastKnownFileType = sourcecode.swift; path = AppDelegate.swift; sourceTree = "<group>"; };
		F0258FD61DEEE2330019973D /* ViewController.swift */ = {isa = PBXFileReference; lastKnownFileType = sourcecode.swift; path = ViewController.swift; sourceTree = "<group>"; };
		F0258FD81DEEE2330019973D /* Assets.xcassets */ = {isa = PBXFileReference; lastKnownFileType = folder.assetcatalog; path = Assets.xcassets; sourceTree = "<group>"; };
		F0258FDB1DEEE2330019973D /* Base */ = {isa = PBXFileReference; lastKnownFileType = file.storyboard; name = Base; path = Base.lproj/Main.storyboard; sourceTree = "<group>"; };
		F0258FDD1DEEE2330019973D /* Info.plist */ = {isa = PBXFileReference; lastKnownFileType = text.plist.xml; path = Info.plist; sourceTree = "<group>"; };
/* End PBXFileReference section */

/* Begin PBXFrameworksBuildPhase section */
		F0258FCE1DEEE2330019973D /* Frameworks */ = {
			isa = PBXFrameworksBuildPhase;
			buildActionMask = 2147483647;
			files = (
			);
			runOnlyForDeploymentPostprocessing = 0;
		};
/* End PBXFrameworksBuildPhase section */

/* Begin PBXGroup section */
		F0258FC81DEEE2330019973D = {
			isa = PBXGroup;
			children = (
				F0258FD31DEEE2330019973D /* EID Tool */,
				F0258FD21DEEE2330019973D /* Products */,
			);
			sourceTree = "<group>";
		};
		F0258FD21DEEE2330019973D /* Products */ = {
			isa = PBXGroup;
			children = (
				F0258FD11DEEE2330019973D /* EID Tool.app */,
			);
			name = Products;
			sourceTree = "<group>";
		};
		F0258FD31DEEE2330019973D /* EID Tool */ = {
			isa = PBXGroup;
			children = (
				F0258FD41DEEE2330019973D /* AppDelegate.swift */,
				F0258FD61DEEE2330019973D /* ViewController.swift */,
				F0258FD81DEEE2330019973D /* Assets.xcassets */,
				F0258FDA1DEEE2330019973D /* Main.storyboard */,
				F0258FDD1DEEE2330019973D /* Info.plist */,
			);
			path = "EID Tool";
			sourceTree = "<group>";
		};
/* End PBXGroup section */

/* Begin PBXNativeTarget section */
		F0258FD01DEEE2330019973D /* EID Tool */ = {
			isa = PBXNativeTarget;
			buildConfigurationList = F0258FE01DEEE2330019973D /* Build configuration list for PBXNativeTarget "EID Tool" */;
			buildPhases = (
				F0258FCD1DEEE2330019973D /* Sources */,
				F0258FCE1DEEE2330019973D /* Frameworks */,
				F0258FCF1DEEE2330019973D /* Resources */,
			);
			buildRules = (
			);
			dependencies = (
			);
			name = "EID Tool";
			productName = "EID Tool";
			productReference = F0258FD11DEEE2330019973D /* EID Tool.app */;
			productType = "com.apple.product-type.application";
		};
/* End PBXNativeTarget section */

/* Begin PBXProject section */
		F0258FC91DEEE2330019973D /* Project object */ = {
			isa = PBXProject;
			attributes = {
				LastSwiftUpdateCheck = 0730;
				LastUpgradeCheck = 0730;
				ORGANIZATIONNAME = Boquet;
				TargetAttributes = {
					F0258FD01DEEE2330019973D = {
						CreatedOnToolsVersion = 7.3.1;
					};
				};
			};
			buildConfigurationList = F0258FCC1DEEE2330019973D /* Build configuration list for PBXProject "EID Tool" */;
			compatibilityVersion = "Xcode 3.2";
			developmentRegion = English;
			hasScannedForEncodings = 0;
			knownRegions = (
				en,
				Base,
			);
			mainGroup = F0258FC81DEEE2330019973D;
			productRefGroup = F0258FD21DEEE2330019973D /* Products */;
			projectDirPath = "";
			projectRoot = "";
			targets = (
				F0258FD01DEEE2330019973D /* EID Tool */,
			);
		};
/* End PBXProject section */

/* Begin PBXResourcesBuildPhase section */
		F0258FCF1DEEE2330019973D /* Resources */ = {
			isa = PBXResourcesBuildPhase;
			buildActionMask = 2147483647;
			files = (
				F0258FD91DEEE2330019973D /* Assets.xcassets in Resources */,
				F0258FDC1DEEE2330019973D /* Main.storyboard in Resources */,
			);
			runOnlyForDeploymentPostprocessing = 0;
		};
/* End PBXResourcesBuildPhase section */

/* Begin PBXSourcesBuildPhase section */
		F0258FCD1DEEE2330019973D /* Sources */ = {
			isa = PBXSourcesBuildPhase;
			buildActionMask = 2147483647;
			files = (
				F0258FD71DEEE2330019973D /* ViewController.swift in Sources */,
				F0258FD51DEEE2330019973D /* AppDelegate.swift in Sources */,
			);
			runOnlyForDeploymentPostprocessing = 0;
		};
/* End PBXSourcesBuildPhase section */

/* Begin PBXVariantGroup section */
		F0258FDA1DEEE2330019973D /* Main.storyboard */ = {
			isa = PBXVariantGroup;
			children = (
				F0258FDB1DEEE2330019973D /* Base */,
			);
			name = Main.storyboard;
			sourceTree = "<group>";
		};
/* End PBXVariantGroup section */

/* Begin XCBuildConfiguration section */
		F0258FDE1DEEE2330019973D /* Debug */ = {
			isa = XCBuildConfiguration;
			buildSettings = {
				ALWAYS_SEARCH_USER_PATHS = NO;
				CLANG_ANALYZER_NONNULL = YES;
				CLANG_CXX_LANGUAGE_STANDARD = "gnu++0x";
				CLANG_CXX_LIBRARY = "libc++";
				CLANG_ENABLE_MODULES = YES;
				CLANG_ENABLE_OBJC_ARC = YES;
				CLANG_WARN_BOOL_CONVERSION = YES;
				CLANG_WARN_CONSTANT_CONVERSION = YES;
				CLANG_WARN_DIRECT_OBJC_ISA_USAGE = YES_ERROR;
				CLANG_WARN_EMPTY_BODY = YES;
				CLANG_WARN_ENUM_CONVERSION = YES;
				CLANG_WARN_INT_CONVERSION = YES;
				CLANG_WARN_OBJC_ROOT_CLASS = YES_ERROR;
				CLANG_WARN_UNREACHABLE_CODE = YES;
				CLANG_WARN__DUPLICATE_METHOD_MATCH = YES;
				CODE_SIGN_IDENTITY = "-";
				COPY_PHASE_STRIP = NO;
				DEBUG_INFORMATION_FORMAT = dwarf;
				ENABLE_STRICT_OBJC_MSGSEND = YES;
				ENABLE_TESTABILITY = YES;
				GCC_C_LANGUAGE_STANDARD = gnu99;
				GCC_DYNAMIC_NO_PIC = NO;
				GCC_NO_COMMON_BLOCKS = YES;
				GCC_OPTIMIZATION_LEVEL = 0;
				GCC_PREPROCESSOR_DEFINITIONS = (
					"DEBUG=1",
					"$(inherited)",
				);
				GCC_WARN_64_TO_32_BIT_CONVERSION = YES;
				GCC_WARN_ABOUT_RETURN_TYPE = YES_ERROR;
				GCC_WARN_UNDECLARED_SELECTOR = YES;
				GCC_WARN_UNINITIALIZED_AUTOS = YES_AGGRESSIVE;
				GCC_WARN_UNUSED_FUNCTION = YES;
				GCC_WARN_UNUSED_VARIABLE = YES;
				MACOSX_DEPLOYMENT_TARGET = 10.11;
				MTL_ENABLE_DEBUG_INFO = YES;
				ONLY_ACTIVE_ARCH = YES;
				SDKROOT = macosx;
				SWIFT_OPTIMIZATION_LEVEL = "-Onone";
			};
			name = Debug;
		};
		F0258FDF1DEEE2330019973D /* Release */ = {
			isa = XCBuildConfiguration;
			buildSettings = {
				ALWAYS_SEARCH_USER_PATHS = NO;
				CLANG_ANALYZER_NONNULL = YES;
				CLANG_CXX_LANGUAGE_STANDARD = "gnu++0x";
				CLANG_CXX_LIBRARY = "libc++";
				CLANG_ENABLE_MODULES = YES;
				CLANG_ENABLE_OBJC_ARC = YES;
				CLANG_WARN_BOOL_CONVERSION = YES;
				CLANG_WARN_CONSTANT_CONVERSION = YES;
				CLANG_WARN_DIRECT_OBJC_ISA_USAGE = YES_ERROR;
				CLANG_WARN_EMPTY_BODY = YES;
				CLANG_WARN_ENUM_CONVERSION = YES;
				CLANG_WARN_INT_CONVERSION = YES;
				CLANG_WARN_OBJC_ROOT_CLASS = YES_ERROR;
				CLANG_WARN_UNREACHABLE_CODE = YES;
				CLANG_WARN__DUPLICATE_METHOD_MATCH = YES;
				CODE_SIGN_IDENTITY = "-";
				COPY_PHASE_STRIP = NO;
				DEBUG_INFORMATION_FORMAT = "dwarf-with-dsym";
				ENABLE_NS_ASSERTIONS = NO;
				ENABLE_STRICT_OBJC_MSGSEND = YES;
				GCC_C_LANGUAGE_STANDARD = gnu99;
				GCC_NO_COMMON_BLOCKS = YES;
				GCC_WARN_64_TO_32_BIT_CONVERSION = YES;
				GCC_WARN_ABOUT_RETURN_TYPE = YES_ERROR;
				GCC_WARN_UNDECLARED_SELECTOR = YES;
				GCC_WARN_UNINITIALIZED_AUTOS = YES_AGGRESSIVE;
				GCC_WARN_UNUSED_FUNCTION = YES;
				GCC_WARN_UNUSED_VARIABLE = YES;
				MACOSX_DEPLOYMENT_TARGET = 10.11;
				MTL_ENABLE_DEBUG_INFO = NO;
				SDKROOT = macosx;
			};
			name = Release;
		};
		F0258FE11DEEE2330019973D /* Debug */ = {
			isa = XCBuildConfiguration;
			buildSettings = {
				ASSETCATALOG_COMPILER_APPICON_NAME = AppIcon;
				COMBINE_HIDPI_IMAGES = YES;
				INFOPLIST_FILE = "EID Tool/Info.plist";
				LD_RUNPATH_SEARCH_PATHS = "$(inherited) @executable_path/../Frameworks";
				PRODUCT_BUNDLE_IDENTIFIER = "co.Boquet.EID-Tool";
				PRODUCT_NAME = "$(TARGET_NAME)";
			};
			name = Debug;
		};
		F0258FE21DEEE2330019973D /* Release */ = {
			isa = XCBuildConfiguration;
			buildSettings = {
				ASSETCATALOG_COMPILER_APPICON_NAME = AppIcon;
				COMBINE_HIDPI_IMAGES = YES;
				INFOPLIST_FILE = "EID Tool/Info.plist";
				LD_RUNPATH_SEARCH_PATHS = "$(inherited) @executable_path/../Frameworks";
				PRODUCT_BUNDLE_IDENTIFIER = "co.Boquet.EID-Tool";
				PRODUCT_NAME = "$(TARGET_NAME)";
			};
			name = Release;
		};
/* End XCBuildConfiguration section */

/* Begin XCConfigurationList section */
		F0258FCC1DEEE2330019973D /* Build configuration list for PBXProject "EID Tool" */ = {
			isa = XCConfigurationList;
			buildConfigurations = (
				F0258FDE1DEEE2330019973D /* Debug */,
				F0258FDF1DEEE2330019973D /* Release */,
			);
			defaultConfigurationIsVisible = 0;
			defaultConfigurationName = Release;
		};
		F0258FE01DEEE2330019973D /* Build configuration list for PBXNativeTarget "EID Tool" */ = {
			isa = XCConfigurationList;
			buildConfigurations = (
				F0258FE11DEEE2330019973D /* Debug */,
				F0258FE21DEEE2330019973D /* Release */,
			);
			defaultConfigurationIsVisible = 0;
		};
/* End XCConfigurationList section */
	};
	rootObject = F0258FC91DEEE2330019973D /* Project object */;
}
